{
  "name": "module_test",
  "version": "1.0.0",
  "lockfileVersion": 2,
  "requires": true,
  "packages": {
    "": {
      "name": "module_test",
      "version": "1.0.0",
      "license": "ISC",
      "dependencies": {
        "module_commonjs": "file:module_commonjs"
      }
    },
    "module_commonjs": {
      "version": "1.0.0",
      "license": "ISC"
    },
    "node_modules/module_commonjs": {
      "resolved": "module_commonjs",
      "link": true
    }
  },
  "dependencies": {
    "module_commonjs": {
      "version": "file:module_commonjs"
    }
  }
}
